// !$*UTF8*$!
{
	archiveVersion = 1;
	classes = {
	};
	objectVersion = 56;
	objects = {

/* Begin PBXBuildFile section */
		360C41ED29A83BDC00E2D960 /* ForgerPasswordViewController.swift in Sources */ = {isa = PBXBuildFile; fileRef = 360C41EC29A83BDC00E2D960 /* ForgerPasswordViewController.swift */; };
		360C41EF29A83C0900E2D960 /* ForgerPasswordViewModel.swift in Sources */ = {isa = PBXBuildFile; fileRef = 360C41EE29A83C0900E2D960 /* ForgerPasswordViewModel.swift */; };
		360C41F129A84C7000E2D960 /* ResetPasswordViewController.swift in Sources */ = {isa = PBXBuildFile; fileRef = 360C41F029A84C7000E2D960 /* ResetPasswordViewController.swift */; };
		360C41F329A84C9000E2D960 /* ResetPasswordViewModel.swift in Sources */ = {isa = PBXBuildFile; fileRef = 360C41F229A84C9000E2D960 /* ResetPasswordViewModel.swift */; };
		360C41F529A84FA400E2D960 /* RegisViewController.swift in Sources */ = {isa = PBXBuildFile; fileRef = 360C41F429A84F9F00E2D960 /* RegisViewController.swift */; };
		360C41F829A84FDE00E2D960 /* RegisViewModel.swift in Sources */ = {isa = PBXBuildFile; fileRef = 360C41F729A84FDE00E2D960 /* RegisViewModel.swift */; };
		360C41FA29A8597E00E2D960 /* TwoButtonCell.xib in Resources */ = {isa = PBXBuildFile; fileRef = 360C41F929A8597E00E2D960 /* TwoButtonCell.xib */; };
		360C41FC29A859C900E2D960 /* TwoButtonCell.swift in Sources */ = {isa = PBXBuildFile; fileRef = 360C41FB29A859C900E2D960 /* TwoButtonCell.swift */; };
		360C41FE29A87F4100E2D960 /* TitleTwoButtonsTextfieldCell.swift in Sources */ = {isa = PBXBuildFile; fileRef = 360C41FD29A87F4100E2D960 /* TitleTwoButtonsTextfieldCell.swift */; };
		360C420029A87F4B00E2D960 /* TitleTwoButtonsTextfieldCell.xib in Resources */ = {isa = PBXBuildFile; fileRef = 360C41FF29A87F4B00E2D960 /* TitleTwoButtonsTextfieldCell.xib */; };
		360C420329A8973500E2D960 /* HomeViewController.swift in Sources */ = {isa = PBXBuildFile; fileRef = 360C420229A8973500E2D960 /* HomeViewController.swift */; };
		360C420629A8975000E2D960 /* HomeViewModel.swift in Sources */ = {isa = PBXBuildFile; fileRef = 360C420529A8975000E2D960 /* HomeViewModel.swift */; };
		360C420829A8997F00E2D960 /* HeadInfoCell.swift in Sources */ = {isa = PBXBuildFile; fileRef = 360C420729A8997F00E2D960 /* HeadInfoCell.swift */; };
		360C420A29A899E800E2D960 /* HeadInfoCell.xib in Resources */ = {isa = PBXBuildFile; fileRef = 360C420929A899E800E2D960 /* HeadInfoCell.xib */; };
		360C420C29A8A32900E2D960 /* UserInfoCenter.swift in Sources */ = {isa = PBXBuildFile; fileRef = 360C420B29A8A32900E2D960 /* UserInfoCenter.swift */; };
		360C420F29A8AD9900E2D960 /* InfoViewController.swift in Sources */ = {isa = PBXBuildFile; fileRef = 360C420E29A8AD9900E2D960 /* InfoViewController.swift */; };
		360C421129A8ADAA00E2D960 /* InfoViewModel.swift in Sources */ = {isa = PBXBuildFile; fileRef = 360C421029A8ADAA00E2D960 /* InfoViewModel.swift */; };
		360C421429AED7F900E2D960 /* QrScaneViewController.swift in Sources */ = {isa = PBXBuildFile; fileRef = 360C421329AED7F900E2D960 /* QrScaneViewController.swift */; };
		360C421829AEF64500E2D960 /* TodayListController.swift in Sources */ = {isa = PBXBuildFile; fileRef = 360C421729AEF64500E2D960 /* TodayListController.swift */; };
		360C421A29AEF66400E2D960 /* TodayListViewModel.swift in Sources */ = {isa = PBXBuildFile; fileRef = 360C421929AEF66400E2D960 /* TodayListViewModel.swift */; };
		3612321A29AEFBFD009C5BF2 /* TodayListCell.swift in Sources */ = {isa = PBXBuildFile; fileRef = 3612321929AEFBFD009C5BF2 /* TodayListCell.swift */; };
		3612321C29AEFCF0009C5BF2 /* TodayListCell.xib in Resources */ = {isa = PBXBuildFile; fileRef = 3612321B29AEFCF0009C5BF2 /* TodayListCell.xib */; };
		3612321E29AF42B1009C5BF2 /* CustomAlertController.swift in Sources */ = {isa = PBXBuildFile; fileRef = 3612321D29AF42B1009C5BF2 /* CustomAlertController.swift */; };
		362C2CD529E7944300811E29 /* OrderDetailViewController.swift in Sources */ = {isa = PBXBuildFile; fileRef = 362C2CD429E7944300811E29 /* OrderDetailViewController.swift */; };
		362C2CD729E7CFD100811E29 /* APIService.swift in Sources */ = {isa = PBXBuildFile; fileRef = 362C2CD629E7CFD100811E29 /* APIService.swift */; };
		362C2CD929E7D0F800811E29 /* DefaultSuccessModel.swift in Sources */ = {isa = PBXBuildFile; fileRef = 362C2CD829E7D0F800811E29 /* DefaultSuccessModel.swift */; };
		362C2CDB29E7E70100811E29 /* InfoHelper.swift in Sources */ = {isa = PBXBuildFile; fileRef = 362C2CDA29E7E70100811E29 /* InfoHelper.swift */; };
		36C3BA202A04825A00771A62 /* GasOrderModel.swift in Sources */ = {isa = PBXBuildFile; fileRef = 36C3BA1F2A04825A00771A62 /* GasOrderModel.swift */; };
		36C3BA222A048D9E00771A62 /* CustomModel.swift in Sources */ = {isa = PBXBuildFile; fileRef = 36C3BA212A048D9E00771A62 /* CustomModel.swift */; };
		9429FC3C29EC318D006F90E9 /* CityCenter.swift in Sources */ = {isa = PBXBuildFile; fileRef = 9429FC3B29EC318D006F90E9 /* CityCenter.swift */; };
		94A8E73229A799CC00E37402 /* AppDelegate.swift in Sources */ = {isa = PBXBuildFile; fileRef = 94A8E73129A799CC00E37402 /* AppDelegate.swift */; };
		94A8E73629A799CC00E37402 /* LaunchViewController.swift in Sources */ = {isa = PBXBuildFile; fileRef = 94A8E73529A799CC00E37402 /* LaunchViewController.swift */; };
		94A8E73B29A799CD00E37402 /* Assets.xcassets in Resources */ = {isa = PBXBuildFile; fileRef = 94A8E73A29A799CD00E37402 /* Assets.xcassets */; };
		94A8E73E29A799CD00E37402 /* LaunchScreen.storyboard in Resources */ = {isa = PBXBuildFile; fileRef = 94A8E73C29A799CD00E37402 /* LaunchScreen.storyboard */; };
		94A8E74929A799CE00E37402 /* GasSeaFoodTests.swift in Sources */ = {isa = PBXBuildFile; fileRef = 94A8E74829A799CE00E37402 /* GasSeaFoodTests.swift */; };
		94A8E75329A799CE00E37402 /* GasSeaFoodUITests.swift in Sources */ = {isa = PBXBuildFile; fileRef = 94A8E75229A799CE00E37402 /* GasSeaFoodUITests.swift */; };
		94A8E75529A799CE00E37402 /* GasSeaFoodUITestsLaunchTests.swift in Sources */ = {isa = PBXBuildFile; fileRef = 94A8E75429A799CE00E37402 /* GasSeaFoodUITestsLaunchTests.swift */; };
		94A8E76B29A79B5400E37402 /* DeviceType.swift in Sources */ = {isa = PBXBuildFile; fileRef = 94A8E76129A79B5300E37402 /* DeviceType.swift */; };
		94A8E76C29A79B5400E37402 /* CellProtocol.swift in Sources */ = {isa = PBXBuildFile; fileRef = 94A8E76229A79B5300E37402 /* CellProtocol.swift */; };
		94A8E76D29A79B5400E37402 /* CollectionViewAdapter.swift in Sources */ = {isa = PBXBuildFile; fileRef = 94A8E76329A79B5300E37402 /* CollectionViewAdapter.swift */; };
		94A8E76E29A79B5400E37402 /* TableViewAdapter.swift in Sources */ = {isa = PBXBuildFile; fileRef = 94A8E76429A79B5300E37402 /* TableViewAdapter.swift */; };
		94A8E76F29A79B5400E37402 /* BaseTableViewController.swift in Sources */ = {isa = PBXBuildFile; fileRef = 94A8E76529A79B5300E37402 /* BaseTableViewController.swift */; };
		94A8E77029A79B5400E37402 /* Extension.swift in Sources */ = {isa = PBXBuildFile; fileRef = 94A8E76629A79B5300E37402 /* Extension.swift */; };
		94A8E77129A79B5400E37402 /* BaseCollectionViewController.swift in Sources */ = {isa = PBXBuildFile; fileRef = 94A8E76729A79B5300E37402 /* BaseCollectionViewController.swift */; };
		94A8E77229A79B5400E37402 /* JBJson.swift in Sources */ = {isa = PBXBuildFile; fileRef = 94A8E76829A79B5400E37402 /* JBJson.swift */; };
		94A8E77329A79B5400E37402 /* BaseViewController.swift in Sources */ = {isa = PBXBuildFile; fileRef = 94A8E76929A79B5400E37402 /* BaseViewController.swift */; };
		94A8E77429A79B5400E37402 /* KeyboardHelper.swift in Sources */ = {isa = PBXBuildFile; fileRef = 94A8E76A29A79B5400E37402 /* KeyboardHelper.swift */; };
		94A8E77729A79E2300E37402 /* ActionButton.swift in Sources */ = {isa = PBXBuildFile; fileRef = 94A8E77629A79E2300E37402 /* ActionButton.swift */; };
		94A8E77A29A7A06200E37402 /* LoginViewController.swift in Sources */ = {isa = PBXBuildFile; fileRef = 94A8E77929A7A06200E37402 /* LoginViewController.swift */; };
		94A8E77D29A7A07F00E37402 /* LoginViewModel.swift in Sources */ = {isa = PBXBuildFile; fileRef = 94A8E77C29A7A07F00E37402 /* LoginViewModel.swift */; };
		94A8E78029A7A17F00E37402 /* TitleImageCell.swift in Sources */ = {isa = PBXBuildFile; fileRef = 94A8E77F29A7A17F00E37402 /* TitleImageCell.swift */; };
		94A8E78229A7A45A00E37402 /* TitleImageCell.xib in Resources */ = {isa = PBXBuildFile; fileRef = 94A8E78129A7A45A00E37402 /* TitleImageCell.xib */; };
		94A8E78429A7AE3800E37402 /* TitleTextFieldCell.xib in Resources */ = {isa = PBXBuildFile; fileRef = 94A8E78329A7AE3800E37402 /* TitleTextFieldCell.xib */; };
		94A8E78629A7AE5300E37402 /* TitleTextFieldCell.swift in Sources */ = {isa = PBXBuildFile; fileRef = 94A8E78529A7AE5300E37402 /* TitleTextFieldCell.swift */; };
		94A8E78829A7B2A000E37402 /* LabelCell.swift in Sources */ = {isa = PBXBuildFile; fileRef = 94A8E78729A7B2A000E37402 /* LabelCell.swift */; };
		94A8E78A29A7B41C00E37402 /* LabelCell.xib in Resources */ = {isa = PBXBuildFile; fileRef = 94A8E78929A7B41C00E37402 /* LabelCell.xib */; };
		94A8E78C29A7B5F100E37402 /* ButtonCell.xib in Resources */ = {isa = PBXBuildFile; fileRef = 94A8E78B29A7B5F100E37402 /* ButtonCell.xib */; };
		94A8E78E29A7B62000E37402 /* ButtonCell.swift in Sources */ = {isa = PBXBuildFile; fileRef = 94A8E78D29A7B62000E37402 /* ButtonCell.swift */; };
		94A8E79029A7B7F400E37402 /* EmptyHeightCell.swift in Sources */ = {isa = PBXBuildFile; fileRef = 94A8E78F29A7B7F400E37402 /* EmptyHeightCell.swift */; };
		94A8E79229A7B8BA00E37402 /* EmptyHeightCell.xib in Resources */ = {isa = PBXBuildFile; fileRef = 94A8E79129A7B8BA00E37402 /* EmptyHeightCell.xib */; };
/* End PBXBuildFile section */

/* Begin PBXContainerItemProxy section */
		94A8E74529A799CE00E37402 /* PBXContainerItemProxy */ = {
			isa = PBXContainerItemProxy;
			containerPortal = 94A8E72629A799CC00E37402 /* Project object */;
			proxyType = 1;
			remoteGlobalIDString = 94A8E72D29A799CC00E37402;
			remoteInfo = GasSeaFood;
		};
		94A8E74F29A799CE00E37402 /* PBXContainerItemProxy */ = {
			isa = PBXContainerItemProxy;
			containerPortal = 94A8E72629A799CC00E37402 /* Project object */;
			proxyType = 1;
			remoteGlobalIDString = 94A8E72D29A799CC00E37402;
			remoteInfo = GasSeaFood;
		};
/* End PBXContainerItemProxy section */

/* Begin PBXFileReference section */
		360C41EC29A83BDC00E2D960 /* ForgerPasswordViewController.swift */ = {isa = PBXFileReference; lastKnownFileType = sourcecode.swift; path = ForgerPasswordViewController.swift; sourceTree = "<group>"; };
		360C41EE29A83C0900E2D960 /* ForgerPasswordViewModel.swift */ = {isa = PBXFileReference; lastKnownFileType = sourcecode.swift; path = ForgerPasswordViewModel.swift; sourceTree = "<group>"; };
		360C41F029A84C7000E2D960 /* ResetPasswordViewController.swift */ = {isa = PBXFileReference; lastKnownFileType = sourcecode.swift; path = ResetPasswordViewController.swift; sourceTree = "<group>"; };
		360C41F229A84C9000E2D960 /* ResetPasswordViewModel.swift */ = {isa = PBXFileReference; lastKnownFileType = sourcecode.swift; path = ResetPasswordViewModel.swift; sourceTree = "<group>"; };
		360C41F429A84F9F00E2D960 /* RegisViewController.swift */ = {isa = PBXFileReference; lastKnownFileType = sourcecode.swift; path = RegisViewController.swift; sourceTree = "<group>"; };
		360C41F729A84FDE00E2D960 /* RegisViewModel.swift */ = {isa = PBXFileReference; lastKnownFileType = sourcecode.swift; path = RegisViewModel.swift; sourceTree = "<group>"; };
		360C41F929A8597E00E2D960 /* TwoButtonCell.xib */ = {isa = PBXFileReference; lastKnownFileType = file.xib; path = TwoButtonCell.xib; sourceTree = "<group>"; };
		360C41FB29A859C900E2D960 /* TwoButtonCell.swift */ = {isa = PBXFileReference; lastKnownFileType = sourcecode.swift; path = TwoButtonCell.swift; sourceTree = "<group>"; };
		360C41FD29A87F4100E2D960 /* TitleTwoButtonsTextfieldCell.swift */ = {isa = PBXFileReference; lastKnownFileType = sourcecode.swift; path = TitleTwoButtonsTextfieldCell.swift; sourceTree = "<group>"; };
		360C41FF29A87F4B00E2D960 /* TitleTwoButtonsTextfieldCell.xib */ = {isa = PBXFileReference; lastKnownFileType = file.xib; path = TitleTwoButtonsTextfieldCell.xib; sourceTree = "<group>"; };
		360C420229A8973500E2D960 /* HomeViewController.swift */ = {isa = PBXFileReference; lastKnownFileType = sourcecode.swift; path = HomeViewController.swift; sourceTree = "<group>"; };
		360C420529A8975000E2D960 /* HomeViewModel.swift */ = {isa = PBXFileReference; lastKnownFileType = sourcecode.swift; path = HomeViewModel.swift; sourceTree = "<group>"; };
		360C420729A8997F00E2D960 /* HeadInfoCell.swift */ = {isa = PBXFileReference; lastKnownFileType = sourcecode.swift; path = HeadInfoCell.swift; sourceTree = "<group>"; };
		360C420929A899E800E2D960 /* HeadInfoCell.xib */ = {isa = PBXFileReference; lastKnownFileType = file.xib; path = HeadInfoCell.xib; sourceTree = "<group>"; };
		360C420B29A8A32900E2D960 /* UserInfoCenter.swift */ = {isa = PBXFileReference; fileEncoding = 4; lastKnownFileType = sourcecode.swift; path = UserInfoCenter.swift; sourceTree = "<group>"; };
		360C420E29A8AD9900E2D960 /* InfoViewController.swift */ = {isa = PBXFileReference; lastKnownFileType = sourcecode.swift; path = InfoViewController.swift; sourceTree = "<group>"; };
		360C421029A8ADAA00E2D960 /* InfoViewModel.swift */ = {isa = PBXFileReference; lastKnownFileType = sourcecode.swift; path = InfoViewModel.swift; sourceTree = "<group>"; };
		360C421329AED7F900E2D960 /* QrScaneViewController.swift */ = {isa = PBXFileReference; lastKnownFileType = sourcecode.swift; path = QrScaneViewController.swift; sourceTree = "<group>"; };
		360C421729AEF64500E2D960 /* TodayListController.swift */ = {isa = PBXFileReference; lastKnownFileType = sourcecode.swift; path = TodayListController.swift; sourceTree = "<group>"; };
		360C421929AEF66400E2D960 /* TodayListViewModel.swift */ = {isa = PBXFileReference; lastKnownFileType = sourcecode.swift; path = TodayListViewModel.swift; sourceTree = "<group>"; };
		3612321929AEFBFD009C5BF2 /* TodayListCell.swift */ = {isa = PBXFileReference; lastKnownFileType = sourcecode.swift; path = TodayListCell.swift; sourceTree = "<group>"; };
		3612321B29AEFCF0009C5BF2 /* TodayListCell.xib */ = {isa = PBXFileReference; lastKnownFileType = file.xib; path = TodayListCell.xib; sourceTree = "<group>"; };
		3612321D29AF42B1009C5BF2 /* CustomAlertController.swift */ = {isa = PBXFileReference; lastKnownFileType = sourcecode.swift; path = CustomAlertController.swift; sourceTree = "<group>"; };
		362C2CD429E7944300811E29 /* OrderDetailViewController.swift */ = {isa = PBXFileReference; lastKnownFileType = sourcecode.swift; path = OrderDetailViewController.swift; sourceTree = "<group>"; };
		362C2CD629E7CFD100811E29 /* APIService.swift */ = {isa = PBXFileReference; fileEncoding = 4; lastKnownFileType = sourcecode.swift; path = APIService.swift; sourceTree = "<group>"; };
		362C2CD829E7D0F800811E29 /* DefaultSuccessModel.swift */ = {isa = PBXFileReference; lastKnownFileType = sourcecode.swift; path = DefaultSuccessModel.swift; sourceTree = "<group>"; };
		362C2CDA29E7E70100811E29 /* InfoHelper.swift */ = {isa = PBXFileReference; lastKnownFileType = sourcecode.swift; path = InfoHelper.swift; sourceTree = "<group>"; };
		36C3BA1F2A04825A00771A62 /* GasOrderModel.swift */ = {isa = PBXFileReference; lastKnownFileType = sourcecode.swift; path = GasOrderModel.swift; sourceTree = "<group>"; };
		36C3BA212A048D9E00771A62 /* CustomModel.swift */ = {isa = PBXFileReference; lastKnownFileType = sourcecode.swift; path = CustomModel.swift; sourceTree = "<group>"; };
		9429FC3B29EC318D006F90E9 /* CityCenter.swift */ = {isa = PBXFileReference; lastKnownFileType = sourcecode.swift; path = CityCenter.swift; sourceTree = "<group>"; };
		94A8E72E29A799CC00E37402 /* GasSeaFood.app */ = {isa = PBXFileReference; explicitFileType = wrapper.application; includeInIndex = 0; path = GasSeaFood.app; sourceTree = BUILT_PRODUCTS_DIR; };
		94A8E73129A799CC00E37402 /* AppDelegate.swift */ = {isa = PBXFileReference; lastKnownFileType = sourcecode.swift; path = AppDelegate.swift; sourceTree = "<group>"; };
		94A8E73529A799CC00E37402 /* LaunchViewController.swift */ = {isa = PBXFileReference; lastKnownFileType = sourcecode.swift; path = LaunchViewController.swift; sourceTree = "<group>"; };
		94A8E73A29A799CD00E37402 /* Assets.xcassets */ = {isa = PBXFileReference; lastKnownFileType = folder.assetcatalog; path = Assets.xcassets; sourceTree = "<group>"; };
		94A8E73D29A799CD00E37402 /* Base */ = {isa = PBXFileReference; lastKnownFileType = file.storyboard; name = Base; path = Base.lproj/LaunchScreen.storyboard; sourceTree = "<group>"; };
		94A8E73F29A799CD00E37402 /* Info.plist */ = {isa = PBXFileReference; lastKnownFileType = text.plist.xml; path = Info.plist; sourceTree = "<group>"; };
		94A8E74429A799CE00E37402 /* GasSeaFoodTests.xctest */ = {isa = PBXFileReference; explicitFileType = wrapper.cfbundle; includeInIndex = 0; path = GasSeaFoodTests.xctest; sourceTree = BUILT_PRODUCTS_DIR; };
		94A8E74829A799CE00E37402 /* GasSeaFoodTests.swift */ = {isa = PBXFileReference; lastKnownFileType = sourcecode.swift; path = GasSeaFoodTests.swift; sourceTree = "<group>"; };
		94A8E74E29A799CE00E37402 /* GasSeaFoodUITests.xctest */ = {isa = PBXFileReference; explicitFileType = wrapper.cfbundle; includeInIndex = 0; path = GasSeaFoodUITests.xctest; sourceTree = BUILT_PRODUCTS_DIR; };
		94A8E75229A799CE00E37402 /* GasSeaFoodUITests.swift */ = {isa = PBXFileReference; lastKnownFileType = sourcecode.swift; path = GasSeaFoodUITests.swift; sourceTree = "<group>"; };
		94A8E75429A799CE00E37402 /* GasSeaFoodUITestsLaunchTests.swift */ = {isa = PBXFileReference; lastKnownFileType = sourcecode.swift; path = GasSeaFoodUITestsLaunchTests.swift; sourceTree = "<group>"; };
		94A8E76129A79B5300E37402 /* DeviceType.swift */ = {isa = PBXFileReference; fileEncoding = 4; lastKnownFileType = sourcecode.swift; path = DeviceType.swift; sourceTree = "<group>"; };
		94A8E76229A79B5300E37402 /* CellProtocol.swift */ = {isa = PBXFileReference; fileEncoding = 4; lastKnownFileType = sourcecode.swift; path = CellProtocol.swift; sourceTree = "<group>"; };
		94A8E76329A79B5300E37402 /* CollectionViewAdapter.swift */ = {isa = PBXFileReference; fileEncoding = 4; lastKnownFileType = sourcecode.swift; path = CollectionViewAdapter.swift; sourceTree = "<group>"; };
		94A8E76429A79B5300E37402 /* TableViewAdapter.swift */ = {isa = PBXFileReference; fileEncoding = 4; lastKnownFileType = sourcecode.swift; path = TableViewAdapter.swift; sourceTree = "<group>"; };
		94A8E76529A79B5300E37402 /* BaseTableViewController.swift */ = {isa = PBXFileReference; fileEncoding = 4; lastKnownFileType = sourcecode.swift; path = BaseTableViewController.swift; sourceTree = "<group>"; };
		94A8E76629A79B5300E37402 /* Extension.swift */ = {isa = PBXFileReference; fileEncoding = 4; lastKnownFileType = sourcecode.swift; path = Extension.swift; sourceTree = "<group>"; };
		94A8E76729A79B5300E37402 /* BaseCollectionViewController.swift */ = {isa = PBXFileReference; fileEncoding = 4; lastKnownFileType = sourcecode.swift; path = BaseCollectionViewController.swift; sourceTree = "<group>"; };
		94A8E76829A79B5400E37402 /* JBJson.swift */ = {isa = PBXFileReference; fileEncoding = 4; lastKnownFileType = sourcecode.swift; path = JBJson.swift; sourceTree = "<group>"; };
		94A8E76929A79B5400E37402 /* BaseViewController.swift */ = {isa = PBXFileReference; fileEncoding = 4; lastKnownFileType = sourcecode.swift; path = BaseViewController.swift; sourceTree = "<group>"; };
		94A8E76A29A79B5400E37402 /* KeyboardHelper.swift */ = {isa = PBXFileReference; fileEncoding = 4; lastKnownFileType = sourcecode.swift; path = KeyboardHelper.swift; sourceTree = "<group>"; };
		94A8E77629A79E2300E37402 /* ActionButton.swift */ = {isa = PBXFileReference; lastKnownFileType = sourcecode.swift; path = ActionButton.swift; sourceTree = "<group>"; };
		94A8E77929A7A06200E37402 /* LoginViewController.swift */ = {isa = PBXFileReference; lastKnownFileType = sourcecode.swift; path = LoginViewController.swift; sourceTree = "<group>"; };
		94A8E77C29A7A07F00E37402 /* LoginViewModel.swift */ = {isa = PBXFileReference; lastKnownFileType = sourcecode.swift; path = LoginViewModel.swift; sourceTree = "<group>"; };
		94A8E77F29A7A17F00E37402 /* TitleImageCell.swift */ = {isa = PBXFileReference; lastKnownFileType = sourcecode.swift; path = TitleImageCell.swift; sourceTree = "<group>"; };
		94A8E78129A7A45A00E37402 /* TitleImageCell.xib */ = {isa = PBXFileReference; lastKnownFileType = file.xib; path = TitleImageCell.xib; sourceTree = "<group>"; };
		94A8E78329A7AE3800E37402 /* TitleTextFieldCell.xib */ = {isa = PBXFileReference; lastKnownFileType = file.xib; path = TitleTextFieldCell.xib; sourceTree = "<group>"; };
		94A8E78529A7AE5300E37402 /* TitleTextFieldCell.swift */ = {isa = PBXFileReference; lastKnownFileType = sourcecode.swift; path = TitleTextFieldCell.swift; sourceTree = "<group>"; };
		94A8E78729A7B2A000E37402 /* LabelCell.swift */ = {isa = PBXFileReference; lastKnownFileType = sourcecode.swift; path = LabelCell.swift; sourceTree = "<group>"; };
		94A8E78929A7B41C00E37402 /* LabelCell.xib */ = {isa = PBXFileReference; lastKnownFileType = file.xib; path = LabelCell.xib; sourceTree = "<group>"; };
		94A8E78B29A7B5F100E37402 /* ButtonCell.xib */ = {isa = PBXFileReference; lastKnownFileType = file.xib; path = ButtonCell.xib; sourceTree = "<group>"; };
		94A8E78D29A7B62000E37402 /* ButtonCell.swift */ = {isa = PBXFileReference; lastKnownFileType = sourcecode.swift; path = ButtonCell.swift; sourceTree = "<group>"; };
		94A8E78F29A7B7F400E37402 /* EmptyHeightCell.swift */ = {isa = PBXFileReference; lastKnownFileType = sourcecode.swift; path = EmptyHeightCell.swift; sourceTree = "<group>"; };
		94A8E79129A7B8BA00E37402 /* EmptyHeightCell.xib */ = {isa = PBXFileReference; lastKnownFileType = file.xib; path = EmptyHeightCell.xib; sourceTree = "<group>"; };
/* End PBXFileReference section */

/* Begin PBXFrameworksBuildPhase section */
		94A8E72B29A799CC00E37402 /* Frameworks */ = {
			isa = PBXFrameworksBuildPhase;
			buildActionMask = 2147483647;
			files = (
			);
			runOnlyForDeploymentPostprocessing = 0;
		};
		94A8E74129A799CE00E37402 /* Frameworks */ = {
			isa = PBXFrameworksBuildPhase;
			buildActionMask = 2147483647;
			files = (
			);
			runOnlyForDeploymentPostprocessing = 0;
		};
		94A8E74B29A799CE00E37402 /* Frameworks */ = {
			isa = PBXFrameworksBuildPhase;
			buildActionMask = 2147483647;
			files = (
			);
			runOnlyForDeploymentPostprocessing = 0;
		};
/* End PBXFrameworksBuildPhase section */

/* Begin PBXGroup section */
		360C41EB29A83BB400E2D960 /* ForgetPassword */ = {
			isa = PBXGroup;
			children = (
				360C41EC29A83BDC00E2D960 /* ForgerPasswordViewController.swift */,
				360C41EE29A83C0900E2D960 /* ForgerPasswordViewModel.swift */,
				360C41F029A84C7000E2D960 /* ResetPasswordViewController.swift */,
				360C41F229A84C9000E2D960 /* ResetPasswordViewModel.swift */,
			);
			path = ForgetPassword;
			sourceTree = "<group>";
		};
		360C41F629A84FCF00E2D960 /* Regis */ = {
			isa = PBXGroup;
			children = (
				360C41F429A84F9F00E2D960 /* RegisViewController.swift */,
				360C41F729A84FDE00E2D960 /* RegisViewModel.swift */,
			);
			path = Regis;
			sourceTree = "<group>";
		};
		360C420129A8972400E2D960 /* Home */ = {
			isa = PBXGroup;
			children = (
				360C420229A8973500E2D960 /* HomeViewController.swift */,
				360C420529A8975000E2D960 /* HomeViewModel.swift */,
			);
			path = Home;
			sourceTree = "<group>";
		};
		360C420D29A8AD8800E2D960 /* Info */ = {
			isa = PBXGroup;
			children = (
				360C420E29A8AD9900E2D960 /* InfoViewController.swift */,
				360C421029A8ADAA00E2D960 /* InfoViewModel.swift */,
			);
			path = Info;
			sourceTree = "<group>";
		};
		360C421229AED7C700E2D960 /* Pages */ = {
			isa = PBXGroup;
			children = (
				94A8E73529A799CC00E37402 /* LaunchViewController.swift */,
				9429FC3B29EC318D006F90E9 /* CityCenter.swift */,
				362C2CD329E793CD00811E29 /* OrderDetail */,
				360C421629AEF61800E2D960 /* TodayList */,
				360C41EB29A83BB400E2D960 /* ForgetPassword */,
				360C41F629A84FCF00E2D960 /* Regis */,
				360C420D29A8AD8800E2D960 /* Info */,
				94A8E77B29A7A06E00E37402 /* Login */,
				360C420129A8972400E2D960 /* Home */,
				360C421529AEDA6E00E2D960 /* QrScane */,
			);
			path = Pages;
			sourceTree = "<group>";
		};
		360C421529AEDA6E00E2D960 /* QrScane */ = {
			isa = PBXGroup;
			children = (
				360C421329AED7F900E2D960 /* QrScaneViewController.swift */,
			);
			path = QrScane;
			sourceTree = "<group>";
		};
		360C421629AEF61800E2D960 /* TodayList */ = {
			isa = PBXGroup;
			children = (
				360C421729AEF64500E2D960 /* TodayListController.swift */,
				360C421929AEF66400E2D960 /* TodayListViewModel.swift */,
				36C3BA1E2A04824900771A62 /* Model */,
			);
			path = TodayList;
			sourceTree = "<group>";
		};
		362C2CD329E793CD00811E29 /* OrderDetail */ = {
			isa = PBXGroup;
			children = (
				362C2CD429E7944300811E29 /* OrderDetailViewController.swift */,
				36C3BA212A048D9E00771A62 /* CustomModel.swift */,
			);
			path = OrderDetail;
			sourceTree = "<group>";
		};
		36C3BA1E2A04824900771A62 /* Model */ = {
			isa = PBXGroup;
			children = (
				36C3BA1F2A04825A00771A62 /* GasOrderModel.swift */,
			);
			path = Model;
			sourceTree = "<group>";
		};
		94A8E72529A799CC00E37402 = {
			isa = PBXGroup;
			children = (
				94A8E73029A799CC00E37402 /* GasSeaFood */,
				94A8E74729A799CE00E37402 /* GasSeaFoodTests */,
				94A8E75129A799CE00E37402 /* GasSeaFoodUITests */,
				94A8E72F29A799CC00E37402 /* Products */,
			);
			sourceTree = "<group>";
		};
		94A8E72F29A799CC00E37402 /* Products */ = {
			isa = PBXGroup;
			children = (
				94A8E72E29A799CC00E37402 /* GasSeaFood.app */,
				94A8E74429A799CE00E37402 /* GasSeaFoodTests.xctest */,
				94A8E74E29A799CE00E37402 /* GasSeaFoodUITests.xctest */,
			);
			name = Products;
			sourceTree = "<group>";
		};
		94A8E73029A799CC00E37402 /* GasSeaFood */ = {
			isa = PBXGroup;
			children = (
				94A8E73129A799CC00E37402 /* AppDelegate.swift */,
				362C2CD629E7CFD100811E29 /* APIService.swift */,
				362C2CDA29E7E70100811E29 /* InfoHelper.swift */,
				362C2CD829E7D0F800811E29 /* DefaultSuccessModel.swift */,
				3612321D29AF42B1009C5BF2 /* CustomAlertController.swift */,
				360C421229AED7C700E2D960 /* Pages */,
				94A8E77E29A7A16B00E37402 /* Cell */,
				94A8E77829A79FFF00E37402 /* CustomView */,
				94A8E73A29A799CD00E37402 /* Assets.xcassets */,
				94A8E73C29A799CD00E37402 /* LaunchScreen.storyboard */,
				94A8E73F29A799CD00E37402 /* Info.plist */,
				94A8E77529A79B5900E37402 /* Base */,
			);
			path = GasSeaFood;
			sourceTree = "<group>";
		};
		94A8E74729A799CE00E37402 /* GasSeaFoodTests */ = {
			isa = PBXGroup;
			children = (
				94A8E74829A799CE00E37402 /* GasSeaFoodTests.swift */,
			);
			path = GasSeaFoodTests;
			sourceTree = "<group>";
		};
		94A8E75129A799CE00E37402 /* GasSeaFoodUITests */ = {
			isa = PBXGroup;
			children = (
				94A8E75229A799CE00E37402 /* GasSeaFoodUITests.swift */,
				94A8E75429A799CE00E37402 /* GasSeaFoodUITestsLaunchTests.swift */,
			);
			path = GasSeaFoodUITests;
			sourceTree = "<group>";
		};
		94A8E77529A79B5900E37402 /* Base */ = {
			isa = PBXGroup;
			children = (
				360C420B29A8A32900E2D960 /* UserInfoCenter.swift */,
				94A8E76729A79B5300E37402 /* BaseCollectionViewController.swift */,
				94A8E76529A79B5300E37402 /* BaseTableViewController.swift */,
				94A8E76929A79B5400E37402 /* BaseViewController.swift */,
				94A8E76229A79B5300E37402 /* CellProtocol.swift */,
				94A8E76329A79B5300E37402 /* CollectionViewAdapter.swift */,
				94A8E76129A79B5300E37402 /* DeviceType.swift */,
				94A8E76629A79B5300E37402 /* Extension.swift */,
				94A8E76829A79B5400E37402 /* JBJson.swift */,
				94A8E76A29A79B5400E37402 /* KeyboardHelper.swift */,
				94A8E76429A79B5300E37402 /* TableViewAdapter.swift */,
			);
			path = Base;
			sourceTree = "<group>";
		};
		94A8E77829A79FFF00E37402 /* CustomView */ = {
			isa = PBXGroup;
			children = (
				94A8E77629A79E2300E37402 /* ActionButton.swift */,
			);
			path = CustomView;
			sourceTree = "<group>";
		};
		94A8E77B29A7A06E00E37402 /* Login */ = {
			isa = PBXGroup;
			children = (
				94A8E77929A7A06200E37402 /* LoginViewController.swift */,
				94A8E77C29A7A07F00E37402 /* LoginViewModel.swift */,
			);
			path = Login;
			sourceTree = "<group>";
		};
		94A8E77E29A7A16B00E37402 /* Cell */ = {
			isa = PBXGroup;
			children = (
				3612321929AEFBFD009C5BF2 /* TodayListCell.swift */,
				3612321B29AEFCF0009C5BF2 /* TodayListCell.xib */,
				360C41FD29A87F4100E2D960 /* TitleTwoButtonsTextfieldCell.swift */,
				360C41FF29A87F4B00E2D960 /* TitleTwoButtonsTextfieldCell.xib */,
				360C41FB29A859C900E2D960 /* TwoButtonCell.swift */,
				360C41F929A8597E00E2D960 /* TwoButtonCell.xib */,
				94A8E78F29A7B7F400E37402 /* EmptyHeightCell.swift */,
				94A8E79129A7B8BA00E37402 /* EmptyHeightCell.xib */,
				94A8E78D29A7B62000E37402 /* ButtonCell.swift */,
				94A8E78B29A7B5F100E37402 /* ButtonCell.xib */,
				94A8E78729A7B2A000E37402 /* LabelCell.swift */,
				94A8E78929A7B41C00E37402 /* LabelCell.xib */,
				94A8E78529A7AE5300E37402 /* TitleTextFieldCell.swift */,
				94A8E78329A7AE3800E37402 /* TitleTextFieldCell.xib */,
				94A8E77F29A7A17F00E37402 /* TitleImageCell.swift */,
				94A8E78129A7A45A00E37402 /* TitleImageCell.xib */,
				360C420729A8997F00E2D960 /* HeadInfoCell.swift */,
				360C420929A899E800E2D960 /* HeadInfoCell.xib */,
			);
			path = Cell;
			sourceTree = "<group>";
		};
/* End PBXGroup section */

/* Begin PBXNativeTarget section */
		94A8E72D29A799CC00E37402 /* GasSeaFood */ = {
			isa = PBXNativeTarget;
			buildConfigurationList = 94A8E75829A799CE00E37402 /* Build configuration list for PBXNativeTarget "GasSeaFood" */;
			buildPhases = (
				94A8E72A29A799CC00E37402 /* Sources */,
				94A8E72B29A799CC00E37402 /* Frameworks */,
				94A8E72C29A799CC00E37402 /* Resources */,
			);
			buildRules = (
			);
			dependencies = (
			);
			name = GasSeaFood;
			productName = GasSeaFood;
			productReference = 94A8E72E29A799CC00E37402 /* GasSeaFood.app */;
			productType = "com.apple.product-type.application";
		};
		94A8E74329A799CE00E37402 /* GasSeaFoodTests */ = {
			isa = PBXNativeTarget;
			buildConfigurationList = 94A8E75B29A799CE00E37402 /* Build configuration list for PBXNativeTarget "GasSeaFoodTests" */;
			buildPhases = (
				94A8E74029A799CE00E37402 /* Sources */,
				94A8E74129A799CE00E37402 /* Frameworks */,
				94A8E74229A799CE00E37402 /* Resources */,
			);
			buildRules = (
			);
			dependencies = (
				94A8E74629A799CE00E37402 /* PBXTargetDependency */,
			);
			name = GasSeaFoodTests;
			productName = GasSeaFoodTests;
			productReference = 94A8E74429A799CE00E37402 /* GasSeaFoodTests.xctest */;
			productType = "com.apple.product-type.bundle.unit-test";
		};
		94A8E74D29A799CE00E37402 /* GasSeaFoodUITests */ = {
			isa = PBXNativeTarget;
			buildConfigurationList = 94A8E75E29A799CE00E37402 /* Build configuration list for PBXNativeTarget "GasSeaFoodUITests" */;
			buildPhases = (
				94A8E74A29A799CE00E37402 /* Sources */,
				94A8E74B29A799CE00E37402 /* Frameworks */,
				94A8E74C29A799CE00E37402 /* Resources */,
			);
			buildRules = (
			);
			dependencies = (
				94A8E75029A799CE00E37402 /* PBXTargetDependency */,
			);
			name = GasSeaFoodUITests;
			productName = GasSeaFoodUITests;
			productReference = 94A8E74E29A799CE00E37402 /* GasSeaFoodUITests.xctest */;
			productType = "com.apple.product-type.bundle.ui-testing";
		};
/* End PBXNativeTarget section */

/* Begin PBXProject section */
		94A8E72629A799CC00E37402 /* Project object */ = {
			isa = PBXProject;
			attributes = {
				BuildIndependentTargetsInParallel = 1;
				LastSwiftUpdateCheck = 1420;
				LastUpgradeCheck = 1420;
				TargetAttributes = {
					94A8E72D29A799CC00E37402 = {
						CreatedOnToolsVersion = 14.2;
					};
					94A8E74329A799CE00E37402 = {
						CreatedOnToolsVersion = 14.2;
						TestTargetID = 94A8E72D29A799CC00E37402;
					};
					94A8E74D29A799CE00E37402 = {
						CreatedOnToolsVersion = 14.2;
						TestTargetID = 94A8E72D29A799CC00E37402;
					};
				};
			};
			buildConfigurationList = 94A8E72929A799CC00E37402 /* Build configuration list for PBXProject "GasSeaFood" */;
			compatibilityVersion = "Xcode 14.0";
			developmentRegion = en;
			hasScannedForEncodings = 0;
			knownRegions = (
				en,
				Base,
			);
			mainGroup = 94A8E72529A799CC00E37402;
			productRefGroup = 94A8E72F29A799CC00E37402 /* Products */;
			projectDirPath = "";
			projectRoot = "";
			targets = (
				94A8E72D29A799CC00E37402 /* GasSeaFood */,
				94A8E74329A799CE00E37402 /* GasSeaFoodTests */,
				94A8E74D29A799CE00E37402 /* GasSeaFoodUITests */,
			);
		};
/* End PBXProject section */

/* Begin PBXResourcesBuildPhase section */
		94A8E72C29A799CC00E37402 /* Resources */ = {
			isa = PBXResourcesBuildPhase;
			buildActionMask = 2147483647;
			files = (
				360C41FA29A8597E00E2D960 /* TwoButtonCell.xib in Resources */,
				94A8E73E29A799CD00E37402 /* LaunchScreen.storyboard in Resources */,
				360C420029A87F4B00E2D960 /* TitleTwoButtonsTextfieldCell.xib in Resources */,
				94A8E78229A7A45A00E37402 /* TitleImageCell.xib in Resources */,
				94A8E78429A7AE3800E37402 /* TitleTextFieldCell.xib in Resources */,
				94A8E78C29A7B5F100E37402 /* ButtonCell.xib in Resources */,
				94A8E78A29A7B41C00E37402 /* LabelCell.xib in Resources */,
				94A8E73B29A799CD00E37402 /* Assets.xcassets in Resources */,
				94A8E79229A7B8BA00E37402 /* EmptyHeightCell.xib in Resources */,
				360C420A29A899E800E2D960 /* HeadInfoCell.xib in Resources */,
				3612321C29AEFCF0009C5BF2 /* TodayListCell.xib in Resources */,
			);
			runOnlyForDeploymentPostprocessing = 0;
		};
		94A8E74229A799CE00E37402 /* Resources */ = {
			isa = PBXResourcesBuildPhase;
			buildActionMask = 2147483647;
			files = (
			);
			runOnlyForDeploymentPostprocessing = 0;
		};
		94A8E74C29A799CE00E37402 /* Resources */ = {
			isa = PBXResourcesBuildPhase;
			buildActionMask = 2147483647;
			files = (
			);
			runOnlyForDeploymentPostprocessing = 0;
		};
/* End PBXResourcesBuildPhase section */

/* Begin PBXSourcesBuildPhase section */
		94A8E72A29A799CC00E37402 /* Sources */ = {
			isa = PBXSourcesBuildPhase;
			buildActionMask = 2147483647;
			files = (
				360C41EF29A83C0900E2D960 /* ForgerPasswordViewModel.swift in Sources */,
				9429FC3C29EC318D006F90E9 /* CityCenter.swift in Sources */,
				36C3BA202A04825A00771A62 /* GasOrderModel.swift in Sources */,
				360C420F29A8AD9900E2D960 /* InfoViewController.swift in Sources */,
				360C41FE29A87F4100E2D960 /* TitleTwoButtonsTextfieldCell.swift in Sources */,
				94A8E78E29A7B62000E37402 /* ButtonCell.swift in Sources */,
				94A8E77A29A7A06200E37402 /* LoginViewController.swift in Sources */,
				3612321E29AF42B1009C5BF2 /* CustomAlertController.swift in Sources */,
				360C41F329A84C9000E2D960 /* ResetPasswordViewModel.swift in Sources */,
				94A8E77429A79B5400E37402 /* KeyboardHelper.swift in Sources */,
				3612321A29AEFBFD009C5BF2 /* TodayListCell.swift in Sources */,
				94A8E77129A79B5400E37402 /* BaseCollectionViewController.swift in Sources */,
				94A8E77729A79E2300E37402 /* ActionButton.swift in Sources */,
				94A8E78029A7A17F00E37402 /* TitleImageCell.swift in Sources */,
				360C41F529A84FA400E2D960 /* RegisViewController.swift in Sources */,
				94A8E76B29A79B5400E37402 /* DeviceType.swift in Sources */,
				94A8E77329A79B5400E37402 /* BaseViewController.swift in Sources */,
				360C421829AEF64500E2D960 /* TodayListController.swift in Sources */,
				360C41FC29A859C900E2D960 /* TwoButtonCell.swift in Sources */,
				360C420629A8975000E2D960 /* HomeViewModel.swift in Sources */,
				94A8E73629A799CC00E37402 /* LaunchViewController.swift in Sources */,
				94A8E73229A799CC00E37402 /* AppDelegate.swift in Sources */,
				94A8E77D29A7A07F00E37402 /* LoginViewModel.swift in Sources */,
				360C421129A8ADAA00E2D960 /* InfoViewModel.swift in Sources */,
				362C2CD729E7CFD100811E29 /* APIService.swift in Sources */,
				94A8E76F29A79B5400E37402 /* BaseTableViewController.swift in Sources */,
				360C41ED29A83BDC00E2D960 /* ForgerPasswordViewController.swift in Sources */,
				94A8E76C29A79B5400E37402 /* CellProtocol.swift in Sources */,
				360C420329A8973500E2D960 /* HomeViewController.swift in Sources */,
				360C421A29AEF66400E2D960 /* TodayListViewModel.swift in Sources */,
				94A8E76D29A79B5400E37402 /* CollectionViewAdapter.swift in Sources */,
				94A8E78629A7AE5300E37402 /* TitleTextFieldCell.swift in Sources */,
				36C3BA222A048D9E00771A62 /* CustomModel.swift in Sources */,
				360C420829A8997F00E2D960 /* HeadInfoCell.swift in Sources */,
				360C41F129A84C7000E2D960 /* ResetPasswordViewController.swift in Sources */,
				94A8E76E29A79B5400E37402 /* TableViewAdapter.swift in Sources */,
				360C41F829A84FDE00E2D960 /* RegisViewModel.swift in Sources */,
				360C420C29A8A32900E2D960 /* UserInfoCenter.swift in Sources */,
				362C2CD929E7D0F800811E29 /* DefaultSuccessModel.swift in Sources */,
				94A8E79029A7B7F400E37402 /* EmptyHeightCell.swift in Sources */,
				94A8E77029A79B5400E37402 /* Extension.swift in Sources */,
				362C2CDB29E7E70100811E29 /* InfoHelper.swift in Sources */,
				94A8E78829A7B2A000E37402 /* LabelCell.swift in Sources */,
				360C421429AED7F900E2D960 /* QrScaneViewController.swift in Sources */,
				94A8E77229A79B5400E37402 /* JBJson.swift in Sources */,
				362C2CD529E7944300811E29 /* OrderDetailViewController.swift in Sources */,
			);
			runOnlyForDeploymentPostprocessing = 0;
		};
		94A8E74029A799CE00E37402 /* Sources */ = {
			isa = PBXSourcesBuildPhase;
			buildActionMask = 2147483647;
			files = (
				94A8E74929A799CE00E37402 /* GasSeaFoodTests.swift in Sources */,
			);
			runOnlyForDeploymentPostprocessing = 0;
		};
		94A8E74A29A799CE00E37402 /* Sources */ = {
			isa = PBXSourcesBuildPhase;
			buildActionMask = 2147483647;
			files = (
				94A8E75529A799CE00E37402 /* GasSeaFoodUITestsLaunchTests.swift in Sources */,
				94A8E75329A799CE00E37402 /* GasSeaFoodUITests.swift in Sources */,
			);
			runOnlyForDeploymentPostprocessing = 0;
		};
/* End PBXSourcesBuildPhase section */

/* Begin PBXTargetDependency section */
		94A8E74629A799CE00E37402 /* PBXTargetDependency */ = {
			isa = PBXTargetDependency;
			target = 94A8E72D29A799CC00E37402 /* GasSeaFood */;
			targetProxy = 94A8E74529A799CE00E37402 /* PBXContainerItemProxy */;
		};
		94A8E75029A799CE00E37402 /* PBXTargetDependency */ = {
			isa = PBXTargetDependency;
			target = 94A8E72D29A799CC00E37402 /* GasSeaFood */;
			targetProxy = 94A8E74F29A799CE00E37402 /* PBXContainerItemProxy */;
		};
/* End PBXTargetDependency section */

/* Begin PBXVariantGroup section */
		94A8E73C29A799CD00E37402 /* LaunchScreen.storyboard */ = {
			isa = PBXVariantGroup;
			children = (
				94A8E73D29A799CD00E37402 /* Base */,
			);
			name = LaunchScreen.storyboard;
			sourceTree = "<group>";
		};
/* End PBXVariantGroup section */

/* Begin XCBuildConfiguration section */
		94A8E75629A799CE00E37402 /* Debug */ = {
			isa = XCBuildConfiguration;
			buildSettings = {
				ALWAYS_SEARCH_USER_PATHS = NO;
				CLANG_ANALYZER_NONNULL = YES;
				CLANG_ANALYZER_NUMBER_OBJECT_CONVERSION = YES_AGGRESSIVE;
				CLANG_CXX_LANGUAGE_STANDARD = "gnu++20";
				CLANG_ENABLE_MODULES = YES;
				CLANG_ENABLE_OBJC_ARC = YES;
				CLANG_ENABLE_OBJC_WEAK = YES;
				CLANG_WARN_BLOCK_CAPTURE_AUTORELEASING = YES;
				CLANG_WARN_BOOL_CONVERSION = YES;
				CLANG_WARN_COMMA = YES;
				CLANG_WARN_CONSTANT_CONVERSION = YES;
				CLANG_WARN_DEPRECATED_OBJC_IMPLEMENTATIONS = YES;
				CLANG_WARN_DIRECT_OBJC_ISA_USAGE = YES_ERROR;
				CLANG_WARN_DOCUMENTATION_COMMENTS = YES;
				CLANG_WARN_EMPTY_BODY = YES;
				CLANG_WARN_ENUM_CONVERSION = YES;
				CLANG_WARN_INFINITE_RECURSION = YES;
				CLANG_WARN_INT_CONVERSION = YES;
				CLANG_WARN_NON_LITERAL_NULL_CONVERSION = YES;
				CLANG_WARN_OBJC_IMPLICIT_RETAIN_SELF = YES;
				CLANG_WARN_OBJC_LITERAL_CONVERSION = YES;
				CLANG_WARN_OBJC_ROOT_CLASS = YES_ERROR;
				CLANG_WARN_QUOTED_INCLUDE_IN_FRAMEWORK_HEADER = YES;
				CLANG_WARN_RANGE_LOOP_ANALYSIS = YES;
				CLANG_WARN_STRICT_PROTOTYPES = YES;
				CLANG_WARN_SUSPICIOUS_MOVE = YES;
				CLANG_WARN_UNGUARDED_AVAILABILITY = YES_AGGRESSIVE;
				CLANG_WARN_UNREACHABLE_CODE = YES;
				CLANG_WARN__DUPLICATE_METHOD_MATCH = YES;
				COPY_PHASE_STRIP = NO;
				DEBUG_INFORMATION_FORMAT = dwarf;
				ENABLE_STRICT_OBJC_MSGSEND = YES;
				ENABLE_TESTABILITY = YES;
				GCC_C_LANGUAGE_STANDARD = gnu11;
				GCC_DYNAMIC_NO_PIC = NO;
				GCC_NO_COMMON_BLOCKS = YES;
				GCC_OPTIMIZATION_LEVEL = 0;
				GCC_PREPROCESSOR_DEFINITIONS = (
					"DEBUG=1",
					"$(inherited)",
				);
				GCC_WARN_64_TO_32_BIT_CONVERSION = YES;
				GCC_WARN_ABOUT_RETURN_TYPE = YES_ERROR;
				GCC_WARN_UNDECLARED_SELECTOR = YES;
				GCC_WARN_UNINITIALIZED_AUTOS = YES_AGGRESSIVE;
				GCC_WARN_UNUSED_FUNCTION = YES;
				GCC_WARN_UNUSED_VARIABLE = YES;
				IPHONEOS_DEPLOYMENT_TARGET = 13.0;
				MTL_ENABLE_DEBUG_INFO = INCLUDE_SOURCE;
				MTL_FAST_MATH = YES;
				ONLY_ACTIVE_ARCH = YES;
				SDKROOT = iphoneos;
				SWIFT_ACTIVE_COMPILATION_CONDITIONS = DEBUG;
				SWIFT_OPTIMIZATION_LEVEL = "-Onone";
			};
			name = Debug;
		};
		94A8E75729A799CE00E37402 /* Release */ = {
			isa = XCBuildConfiguration;
			buildSettings = {
				ALWAYS_SEARCH_USER_PATHS = NO;
				CLANG_ANALYZER_NONNULL = YES;
				CLANG_ANALYZER_NUMBER_OBJECT_CONVERSION = YES_AGGRESSIVE;
				CLANG_CXX_LANGUAGE_STANDARD = "gnu++20";
				CLANG_ENABLE_MODULES = YES;
				CLANG_ENABLE_OBJC_ARC = YES;
				CLANG_ENABLE_OBJC_WEAK = YES;
				CLANG_WARN_BLOCK_CAPTURE_AUTORELEASING = YES;
				CLANG_WARN_BOOL_CONVERSION = YES;
				CLANG_WARN_COMMA = YES;
				CLANG_WARN_CONSTANT_CONVERSION = YES;
				CLANG_WARN_DEPRECATED_OBJC_IMPLEMENTATIONS = YES;
				CLANG_WARN_DIRECT_OBJC_ISA_USAGE = YES_ERROR;
				CLANG_WARN_DOCUMENTATION_COMMENTS = YES;
				CLANG_WARN_EMPTY_BODY = YES;
				CLANG_WARN_ENUM_CONVERSION = YES;
				CLANG_WARN_INFINITE_RECURSION = YES;
				CLANG_WARN_INT_CONVERSION = YES;
				CLANG_WARN_NON_LITERAL_NULL_CONVERSION = YES;
				CLANG_WARN_OBJC_IMPLICIT_RETAIN_SELF = YES;
				CLANG_WARN_OBJC_LITERAL_CONVERSION = YES;
				CLANG_WARN_OBJC_ROOT_CLASS = YES_ERROR;
				CLANG_WARN_QUOTED_INCLUDE_IN_FRAMEWORK_HEADER = YES;
				CLANG_WARN_RANGE_LOOP_ANALYSIS = YES;
				CLANG_WARN_STRICT_PROTOTYPES = YES;
				CLANG_WARN_SUSPICIOUS_MOVE = YES;
				CLANG_WARN_UNGUARDED_AVAILABILITY = YES_AGGRESSIVE;
				CLANG_WARN_UNREACHABLE_CODE = YES;
				CLANG_WARN__DUPLICATE_METHOD_MATCH = YES;
				COPY_PHASE_STRIP = NO;
				DEBUG_INFORMATION_FORMAT = "dwarf-with-dsym";
				ENABLE_NS_ASSERTIONS = NO;
				ENABLE_STRICT_OBJC_MSGSEND = YES;
				GCC_C_LANGUAGE_STANDARD = gnu11;
				GCC_NO_COMMON_BLOCKS = YES;
				GCC_WARN_64_TO_32_BIT_CONVERSION = YES;
				GCC_WARN_ABOUT_RETURN_TYPE = YES_ERROR;
				GCC_WARN_UNDECLARED_SELECTOR = YES;
				GCC_WARN_UNINITIALIZED_AUTOS = YES_AGGRESSIVE;
				GCC_WARN_UNUSED_FUNCTION = YES;
				GCC_WARN_UNUSED_VARIABLE = YES;
				IPHONEOS_DEPLOYMENT_TARGET = 13.0;
				MTL_ENABLE_DEBUG_INFO = NO;
				MTL_FAST_MATH = YES;
				SDKROOT = iphoneos;
				SWIFT_COMPILATION_MODE = wholemodule;
				SWIFT_OPTIMIZATION_LEVEL = "-O";
				VALIDATE_PRODUCT = YES;
			};
			name = Release;
		};
		94A8E75929A799CE00E37402 /* Debug */ = {
			isa = XCBuildConfiguration;
			buildSettings = {
				ASSETCATALOG_COMPILER_APPICON_NAME = AppIcon;
				ASSETCATALOG_COMPILER_GLOBAL_ACCENT_COLOR_NAME = AccentColor;
				CODE_SIGN_STYLE = Automatic;
				CURRENT_PROJECT_VERSION = 1;
				DEVELOPMENT_TEAM = NZT54R9366;
				GENERATE_INFOPLIST_FILE = YES;
				INFOPLIST_FILE = GasSeaFood/Info.plist;
				INFOPLIST_KEY_NSCameraUsageDescription = "我爽用你的相機顆顆";
				INFOPLIST_KEY_UIApplicationSupportsIndirectInputEvents = YES;
				INFOPLIST_KEY_UILaunchStoryboardName = LaunchScreen;
				INFOPLIST_KEY_UISupportedInterfaceOrientations_iPad = "UIInterfaceOrientationPortrait UIInterfaceOrientationPortraitUpsideDown UIInterfaceOrientationLandscapeLeft UIInterfaceOrientationLandscapeRight";
				INFOPLIST_KEY_UISupportedInterfaceOrientations_iPhone = "UIInterfaceOrientationPortrait UIInterfaceOrientationLandscapeLeft UIInterfaceOrientationLandscapeRight";
				IPHONEOS_DEPLOYMENT_TARGET = 15.0;
				LD_RUNPATH_SEARCH_PATHS = (
					"$(inherited)",
					"@executable_path/Frameworks",
				);
				MARKETING_VERSION = 1.0;
				PRODUCT_BUNDLE_IDENTIFIER = tw.ehun.GasSeaFood1;
				PRODUCT_NAME = "$(TARGET_NAME)";
				SUPPORTED_PLATFORMS = "iphoneos iphonesimulator";
				SUPPORTS_MACCATALYST = NO;
				SUPPORTS_MAC_DESIGNED_FOR_IPHONE_IPAD = NO;
				SWIFT_EMIT_LOC_STRINGS = YES;
				SWIFT_VERSION = 5.0;
				TARGETED_DEVICE_FAMILY = 1;
			};
			name = Debug;
		};
		94A8E75A29A799CE00E37402 /* Release */ = {
			isa = XCBuildConfiguration;
			buildSettings = {
				ASSETCATALOG_COMPILER_APPICON_NAME = AppIcon;
				ASSETCATALOG_COMPILER_GLOBAL_ACCENT_COLOR_NAME = AccentColor;
				CODE_SIGN_STYLE = Automatic;
				CURRENT_PROJECT_VERSION = 1;
				DEVELOPMENT_TEAM = NZT54R9366;
				GENERATE_INFOPLIST_FILE = YES;
				INFOPLIST_FILE = GasSeaFood/Info.plist;
				INFOPLIST_KEY_NSCameraUsageDescription = "我爽用你的相機顆顆";
				INFOPLIST_KEY_UIApplicationSupportsIndirectInputEvents = YES;
				INFOPLIST_KEY_UILaunchStoryboardName = LaunchScreen;
				INFOPLIST_KEY_UISupportedInterfaceOrientations_iPad = "UIInterfaceOrientationPortrait UIInterfaceOrientationPortraitUpsideDown UIInterfaceOrientationLandscapeLeft UIInterfaceOrientationLandscapeRight";
				INFOPLIST_KEY_UISupportedInterfaceOrientations_iPhone = "UIInterfaceOrientationPortrait UIInterfaceOrientationLandscapeLeft UIInterfaceOrientationLandscapeRight";
				IPHONEOS_DEPLOYMENT_TARGET = 15.0;
				LD_RUNPATH_SEARCH_PATHS = (
					"$(inherited)",
					"@executable_path/Frameworks",
				);
				MARKETING_VERSION = 1.0;
				PRODUCT_BUNDLE_IDENTIFIER = tw.ehun.GasSeaFood1;
				PRODUCT_NAME = "$(TARGET_NAME)";
				SUPPORTED_PLATFORMS = "iphoneos iphonesimulator";
				SUPPORTS_MACCATALYST = NO;
				SUPPORTS_MAC_DESIGNED_FOR_IPHONE_IPAD = NO;
				SWIFT_EMIT_LOC_STRINGS = YES;
				SWIFT_VERSION = 5.0;
				TARGETED_DEVICE_FAMILY = 1;
			};
			name = Release;
		};
		94A8E75C29A799CE00E37402 /* Debug */ = {
			isa = XCBuildConfiguration;
			buildSettings = {
				ALWAYS_EMBED_SWIFT_STANDARD_LIBRARIES = YES;
				BUNDLE_LOADER = "$(TEST_HOST)";
				CODE_SIGN_STYLE = Automatic;
				CURRENT_PROJECT_VERSION = 1;
				DEVELOPMENT_TEAM = 6GH2ZWT255;
				GENERATE_INFOPLIST_FILE = YES;
				IPHONEOS_DEPLOYMENT_TARGET = 16.2;
				MARKETING_VERSION = 1.0;
				PRODUCT_BUNDLE_IDENTIFIER = tw.ehun.GasSeaFoodTests;
				PRODUCT_NAME = "$(TARGET_NAME)";
				SWIFT_EMIT_LOC_STRINGS = NO;
				SWIFT_VERSION = 5.0;
				TARGETED_DEVICE_FAMILY = "1,2";
				TEST_HOST = "$(BUILT_PRODUCTS_DIR)/GasSeaFood.app/$(BUNDLE_EXECUTABLE_FOLDER_PATH)/GasSeaFood";
			};
			name = Debug;
		};
		94A8E75D29A799CE00E37402 /* Release */ = {
			isa = XCBuildConfiguration;
			buildSettings = {
				ALWAYS_EMBED_SWIFT_STANDARD_LIBRARIES = YES;
				BUNDLE_LOADER = "$(TEST_HOST)";
				CODE_SIGN_STYLE = Automatic;
				CURRENT_PROJECT_VERSION = 1;
				DEVELOPMENT_TEAM = 6GH2ZWT255;
				GENERATE_INFOPLIST_FILE = YES;
				IPHONEOS_DEPLOYMENT_TARGET = 16.2;
				MARKETING_VERSION = 1.0;
				PRODUCT_BUNDLE_IDENTIFIER = tw.ehun.GasSeaFoodTests;
				PRODUCT_NAME = "$(TARGET_NAME)";
				SWIFT_EMIT_LOC_STRINGS = NO;
				SWIFT_VERSION = 5.0;
				TARGETED_DEVICE_FAMILY = "1,2";
				TEST_HOST = "$(BUILT_PRODUCTS_DIR)/GasSeaFood.app/$(BUNDLE_EXECUTABLE_FOLDER_PATH)/GasSeaFood";
			};
			name = Release;
		};
		94A8E75F29A799CE00E37402 /* Debug */ = {
			isa = XCBuildConfiguration;
			buildSettings = {
				ALWAYS_EMBED_SWIFT_STANDARD_LIBRARIES = YES;
				CODE_SIGN_STYLE = Automatic;
				CURRENT_PROJECT_VERSION = 1;
				DEVELOPMENT_TEAM = 6GH2ZWT255;
				GENERATE_INFOPLIST_FILE = YES;
				MARKETING_VERSION = 1.0;
				PRODUCT_BUNDLE_IDENTIFIER = tw.ehun.GasSeaFoodUITests;
				PRODUCT_NAME = "$(TARGET_NAME)";
				SWIFT_EMIT_LOC_STRINGS = NO;
				SWIFT_VERSION = 5.0;
				TARGETED_DEVICE_FAMILY = "1,2";
				TEST_TARGET_NAME = GasSeaFood;
			};
			name = Debug;
		};
		94A8E76029A799CE00E37402 /* Release */ = {
			isa = XCBuildConfiguration;
			buildSettings = {
				ALWAYS_EMBED_SWIFT_STANDARD_LIBRARIES = YES;
				CODE_SIGN_STYLE = Automatic;
				CURRENT_PROJECT_VERSION = 1;
				DEVELOPMENT_TEAM = 6GH2ZWT255;
				GENERATE_INFOPLIST_FILE = YES;
				MARKETING_VERSION = 1.0;
				PRODUCT_BUNDLE_IDENTIFIER = tw.ehun.GasSeaFoodUITests;
				PRODUCT_NAME = "$(TARGET_NAME)";
				SWIFT_EMIT_LOC_STRINGS = NO;
				SWIFT_VERSION = 5.0;
				TARGETED_DEVICE_FAMILY = "1,2";
				TEST_TARGET_NAME = GasSeaFood;
			};
			name = Release;
		};
/* End XCBuildConfiguration section */

/* Begin XCConfigurationList section */
		94A8E72929A799CC00E37402 /* Build configuration list for PBXProject "GasSeaFood" */ = {
			isa = XCConfigurationList;
			buildConfigurations = (
				94A8E75629A799CE00E37402 /* Debug */,
				94A8E75729A799CE00E37402 /* Release */,
			);
			defaultConfigurationIsVisible = 0;
			defaultConfigurationName = Release;
		};
		94A8E75829A799CE00E37402 /* Build configuration list for PBXNativeTarget "GasSeaFood" */ = {
			isa = XCConfigurationList;
			buildConfigurations = (
				94A8E75929A799CE00E37402 /* Debug */,
				94A8E75A29A799CE00E37402 /* Release */,
			);
			defaultConfigurationIsVisible = 0;
			defaultConfigurationName = Release;
		};
		94A8E75B29A799CE00E37402 /* Build configuration list for PBXNativeTarget "GasSeaFoodTests" */ = {
			isa = XCConfigurationList;
			buildConfigurations = (
				94A8E75C29A799CE00E37402 /* Debug */,
				94A8E75D29A799CE00E37402 /* Release */,
			);
			defaultConfigurationIsVisible = 0;
			defaultConfigurationName = Release;
		};
		94A8E75E29A799CE00E37402 /* Build configuration list for PBXNativeTarget "GasSeaFoodUITests" */ = {
			isa = XCConfigurationList;
			buildConfigurations = (
				94A8E75F29A799CE00E37402 /* Debug */,
				94A8E76029A799CE00E37402 /* Release */,
			);
			defaultConfigurationIsVisible = 0;
			defaultConfigurationName = Release;
		};
/* End XCConfigurationList section */
	};
	rootObject = 94A8E72629A799CC00E37402 /* Project object */;
}
